// !$*UTF8*$!
{
	archiveVersion = 1;
	classes = {
	};
	objectVersion = 50;
	objects = {

/* Begin PBXBuildFile section */
		3EF076CB263EE7B3001DA577 /* AppDelegate.swift in Sources */ = {isa = PBXBuildFile; fileRef = 3EF076CA263EE7B3001DA577 /* AppDelegate.swift */; };
		3EF076CD263EE7B3001DA577 /* ViewController.swift in Sources */ = {isa = PBXBuildFile; fileRef = 3EF076CC263EE7B3001DA577 /* ViewController.swift */; };
		3EF076CF263EE7B5001DA577 /* Assets.xcassets in Resources */ = {isa = PBXBuildFile; fileRef = 3EF076CE263EE7B5001DA577 /* Assets.xcassets */; };
		3EF076D2263EE7B5001DA577 /* Main.storyboard in Resources */ = {isa = PBXBuildFile; fileRef = 3EF076D0263EE7B5001DA577 /* Main.storyboard */; };
		3EF076DD263EE833001DA577 /* explosion.wav in Resources */ = {isa = PBXBuildFile; fileRef = 3EF076DB263EE833001DA577 /* explosion.wav */; };
		3EF076DE263EE833001DA577 /* laser-sound.wav in Resources */ = {isa = PBXBuildFile; fileRef = 3EF076DC263EE833001DA577 /* laser-sound.wav */; };
/* End PBXBuildFile section */

/* Begin PBXFileReference section */
		3EF076C7263EE7B3001DA577 /* P2CompBleInvadersV2.app */ = {isa = PBXFileReference; explicitFileType = wrapper.application; includeInIndex = 0; path = P2CompBleInvadersV2.app; sourceTree = BUILT_PRODUCTS_DIR; };
		3EF076CA263EE7B3001DA577 /* AppDelegate.swift */ = {isa = PBXFileReference; lastKnownFileType = sourcecode.swift; path = AppDelegate.swift; sourceTree = "<group>"; };
		3EF076CC263EE7B3001DA577 /* ViewController.swift */ = {isa = PBXFileReference; lastKnownFileType = sourcecode.swift; path = ViewController.swift; sourceTree = "<group>"; };
		3EF076CE263EE7B5001DA577 /* Assets.xcassets */ = {isa = PBXFileReference; lastKnownFileType = folder.assetcatalog; path = Assets.xcassets; sourceTree = "<group>"; };
		3EF076D1263EE7B5001DA577 /* Base */ = {isa = PBXFileReference; lastKnownFileType = file.storyboard; name = Base; path = Base.lproj/Main.storyboard; sourceTree = "<group>"; };
		3EF076D3263EE7B5001DA577 /* Info.plist */ = {isa = PBXFileReference; lastKnownFileType = text.plist.xml; path = Info.plist; sourceTree = "<group>"; };
		3EF076D4263EE7B5001DA577 /* P2CompBleInvadersV2.entitlements */ = {isa = PBXFileReference; lastKnownFileType = text.plist.entitlements; path = P2CompBleInvadersV2.entitlements; sourceTree = "<group>"; };
		3EF076DB263EE833001DA577 /* explosion.wav */ = {isa = PBXFileReference; lastKnownFileType = audio.wav; name = explosion.wav; path = ../../../../../../Downloads/P2CompBleInvadersV2/P2CompBleInvadersV2/explosion.wav; sourceTree = "<group>"; };
		3EF076DC263EE833001DA577 /* laser-sound.wav */ = {isa = PBXFileReference; lastKnownFileType = audio.wav; name = "laser-sound.wav"; path = "../../../../../../Downloads/P2CompBleInvadersV2/P2CompBleInvadersV2/laser-sound.wav"; sourceTree = "<group>"; };
/* End PBXFileReference section */

/* Begin PBXFrameworksBuildPhase section */
		3EF076C4263EE7B3001DA577 /* Frameworks */ = {
			isa = PBXFrameworksBuildPhase;
			buildActionMask = 2147483647;
			files = (
			);
			runOnlyForDeploymentPostprocessing = 0;
		};
/* End PBXFrameworksBuildPhase section */

/* Begin PBXGroup section */
		3EF076BE263EE7B3001DA577 = {
			isa = PBXGroup;
			children = (
				3EF076C9263EE7B3001DA577 /* P2CompBleInvadersV2 */,
				3EF076C8263EE7B3001DA577 /* Products */,
			);
			sourceTree = "<group>";
		};
		3EF076C8263EE7B3001DA577 /* Products */ = {
			isa = PBXGroup;
			children = (
				3EF076C7263EE7B3001DA577 /* P2CompBleInvadersV2.app */,
			);
			name = Products;
			sourceTree = "<group>";
		};
		3EF076C9263EE7B3001DA577 /* P2CompBleInvadersV2 */ = {
			isa = PBXGroup;
			children = (
				3EF076CA263EE7B3001DA577 /* AppDelegate.swift */,
				3EF076CC263EE7B3001DA577 /* ViewController.swift */,
				3EF076CE263EE7B5001DA577 /* Assets.xcassets */,
				3EF076D0263EE7B5001DA577 /* Main.storyboard */,
				3EF076D3263EE7B5001DA577 /* Info.plist */,
				3EF076D4263EE7B5001DA577 /* P2CompBleInvadersV2.entitlements */,
				3EF076DB263EE833001DA577 /* explosion.wav */,
				3EF076DC263EE833001DA577 /* laser-sound.wav */,
			);
			path = P2CompBleInvadersV2;
			sourceTree = "<group>";
		};
/* End PBXGroup section */

/* Begin PBXNativeTarget section */
		3EF076C6263EE7B3001DA577 /* P2CompBleInvadersV2 */ = {
			isa = PBXNativeTarget;
			buildConfigurationList = 3EF076D7263EE7B5001DA577 /* Build configuration list for PBXNativeTarget "P2CompBleInvadersV2" */;
			buildPhases = (
				3EF076C3263EE7B3001DA577 /* Sources */,
				3EF076C4263EE7B3001DA577 /* Frameworks */,
				3EF076C5263EE7B3001DA577 /* Resources */,
			);
			buildRules = (
			);
			dependencies = (
			);
			name = P2CompBleInvadersV2;
			productName = P2CompBleInvadersV2;
			productReference = 3EF076C7263EE7B3001DA577 /* P2CompBleInvadersV2.app */;
			productType = "com.apple.product-type.application";
		};
/* End PBXNativeTarget section */

/* Begin PBXProject section */
		3EF076BF263EE7B3001DA577 /* Project object */ = {
			isa = PBXProject;
			attributes = {
				LastSwiftUpdateCheck = 1240;
				LastUpgradeCheck = 1240;
				TargetAttributes = {
					3EF076C6263EE7B3001DA577 = {
						CreatedOnToolsVersion = 12.4;
					};
				};
			};
			buildConfigurationList = 3EF076C2263EE7B3001DA577 /* Build configuration list for PBXProject "P2CompBleInvadersV2" */;
			compatibilityVersion = "Xcode 9.3";
			developmentRegion = en;
			hasScannedForEncodings = 0;
			knownRegions = (
				en,
				Base,
			);
			mainGroup = 3EF076BE263EE7B3001DA577;
			productRefGroup = 3EF076C8263EE7B3001DA577 /* Products */;
			projectDirPath = "";
			projectRoot = "";
			targets = (
				3EF076C6263EE7B3001DA577 /* P2CompBleInvadersV2 */,
			);
		};
/* End PBXProject section */

/* Begin PBXResourcesBuildPhase section */
		3EF076C5263EE7B3001DA577 /* Resources */ = {
			isa = PBXResourcesBuildPhase;
			buildActionMask = 2147483647;
			files = (
				3EF076DE263EE833001DA577 /* laser-sound.wav in Resources */,
				3EF076DD263EE833001DA577 /* explosion.wav in Resources */,
				3EF076CF263EE7B5001DA577 /* Assets.xcassets in Resources */,
				3EF076D2263EE7B5001DA577 /* Main.storyboard in Resources */,
			);
			runOnlyForDeploymentPostprocessing = 0;
		};
/* End PBXResourcesBuildPhase section */

/* Begin PBXSourcesBuildPhase section */
		3EF076C3263EE7B3001DA577 /* Sources */ = {
			isa = PBXSourcesBuildPhase;
			buildActionMask = 2147483647;
			files = (
				3EF076CD263EE7B3001DA577 /* ViewController.swift in Sources */,
				3EF076CB263EE7B3001DA577 /* AppDelegate.swift in Sources */,
			);
			runOnlyForDeploymentPostprocessing = 0;
		};
/* End PBXSourcesBuildPhase section */

/* Begin PBXVariantGroup section */
		3EF076D0263EE7B5001DA577 /* Main.storyboard */ = {
			isa = PBXVariantGroup;
			children = (
				3EF076D1263EE7B5001DA577 /* Base */,
			);
			name = Main.storyboard;
			sourceTree = "<group>";
		};
/* End PBXVariantGroup section */

/* Begin XCBuildConfiguration section */
		3EF076D5263EE7B5001DA577 /* Debug */ = {
			isa = XCBuildConfiguration;
			buildSettings = {
				ALWAYS_SEARCH_USER_PATHS = NO;
				CLANG_ANALYZER_NONNULL = YES;
				CLANG_ANALYZER_NUMBER_OBJECT_CONVERSION = YES_AGGRESSIVE;
				CLANG_CXX_LANGUAGE_STANDARD = "gnu++14";
				CLANG_CXX_LIBRARY = "libc++";
				CLANG_ENABLE_MODULES = YES;
				CLANG_ENABLE_OBJC_ARC = YES;
				CLANG_ENABLE_OBJC_WEAK = YES;
				CLANG_WARN_BLOCK_CAPTURE_AUTORELEASING = YES;
				CLANG_WARN_BOOL_CONVERSION = YES;
				CLANG_WARN_COMMA = YES;
				CLANG_WARN_CONSTANT_CONVERSION = YES;
				CLANG_WARN_DEPRECATED_OBJC_IMPLEMENTATIONS = YES;
				CLANG_WARN_DIRECT_OBJC_ISA_USAGE = YES_ERROR;
				CLANG_WARN_DOCUMENTATION_COMMENTS = YES;
				CLANG_WARN_EMPTY_BODY = YES;
				CLANG_WARN_ENUM_CONVERSION = YES;
				CLANG_WARN_INFINITE_RECURSION = YES;
				CLANG_WARN_INT_CONVERSION = YES;
				CLANG_WARN_NON_LITERAL_NULL_CONVERSION = YES;
				CLANG_WARN_OBJC_IMPLICIT_RETAIN_SELF = YES;
				CLANG_WARN_OBJC_LITERAL_CONVERSION = YES;
				CLANG_WARN_OBJC_ROOT_CLASS = YES_ERROR;
				CLANG_WARN_QUOTED_INCLUDE_IN_FRAMEWORK_HEADER = YES;
				CLANG_WARN_RANGE_LOOP_ANALYSIS = YES;
				CLANG_WARN_STRICT_PROTOTYPES = YES;
				CLANG_WARN_SUSPICIOUS_MOVE = YES;
				CLANG_WARN_UNGUARDED_AVAILABILITY = YES_AGGRESSIVE;
				CLANG_WARN_UNREACHABLE_CODE = YES;
				CLANG_WARN__DUPLICATE_METHOD_MATCH = YES;
				COPY_PHASE_STRIP = NO;
				DEBUG_INFORMATION_FORMAT = dwarf;
				ENABLE_STRICT_OBJC_MSGSEND = YES;
				ENABLE_TESTABILITY = YES;
				GCC_C_LANGUAGE_STANDARD = gnu11;
				GCC_DYNAMIC_NO_PIC = NO;
				GCC_NO_COMMON_BLOCKS = YES;
				GCC_OPTIMIZATION_LEVEL = 0;
				GCC_PREPROCESSOR_DEFINITIONS = (
					"DEBUG=1",
					"$(inherited)",
				);
				GCC_WARN_64_TO_32_BIT_CONVERSION = YES;
				GCC_WARN_ABOUT_RETURN_TYPE = YES_ERROR;
				GCC_WARN_UNDECLARED_SELECTOR = YES;
				GCC_WARN_UNINITIALIZED_AUTOS = YES_AGGRESSIVE;
				GCC_WARN_UNUSED_FUNCTION = YES;
				GCC_WARN_UNUSED_VARIABLE = YES;
				MACOSX_DEPLOYMENT_TARGET = 11.1;
				MTL_ENABLE_DEBUG_INFO = INCLUDE_SOURCE;
				MTL_FAST_MATH = YES;
				ONLY_ACTIVE_ARCH = YES;
				SDKROOT = macosx;
				SWIFT_ACTIVE_COMPILATION_CONDITIONS = DEBUG;
				SWIFT_OPTIMIZATION_LEVEL = "-Onone";
			};
			name = Debug;
		};
		3EF076D6263EE7B5001DA577 /* Release */ = {
			isa = XCBuildConfiguration;
			buildSettings = {
				ALWAYS_SEARCH_USER_PATHS = NO;
				CLANG_ANALYZER_NONNULL = YES;
				CLANG_ANALYZER_NUMBER_OBJECT_CONVERSION = YES_AGGRESSIVE;
				CLANG_CXX_LANGUAGE_STANDARD = "gnu++14";
				CLANG_CXX_LIBRARY = "libc++";
				CLANG_ENABLE_MODULES = YES;
				CLANG_ENABLE_OBJC_ARC = YES;
				CLANG_ENABLE_OBJC_WEAK = YES;
				CLANG_WARN_BLOCK_CAPTURE_AUTORELEASING = YES;
				CLANG_WARN_BOOL_CONVERSION = YES;
				CLANG_WARN_COMMA = YES;
				CLANG_WARN_CONSTANT_CONVERSION = YES;
				CLANG_WARN_DEPRECATED_OBJC_IMPLEMENTATIONS = YES;
				CLANG_WARN_DIRECT_OBJC_ISA_USAGE = YES_ERROR;
				CLANG_WARN_DOCUMENTATION_COMMENTS = YES;
				CLANG_WARN_EMPTY_BODY = YES;
				CLANG_WARN_ENUM_CONVERSION = YES;
				CLANG_WARN_INFINITE_RECURSION = YES;
				CLANG_WARN_INT_CONVERSION = YES;
				CLANG_WARN_NON_LITERAL_NULL_CONVERSION = YES;
				CLANG_WARN_OBJC_IMPLICIT_RETAIN_SELF = YES;
				CLANG_WARN_OBJC_LITERAL_CONVERSION = YES;
				CLANG_WARN_OBJC_ROOT_CLASS = YES_ERROR;
				CLANG_WARN_QUOTED_INCLUDE_IN_FRAMEWORK_HEADER = YES;
				CLANG_WARN_RANGE_LOOP_ANALYSIS = YES;
				CLANG_WARN_STRICT_PROTOTYPES = YES;
				CLANG_WARN_SUSPICIOUS_MOVE = YES;
				CLANG_WARN_UNGUARDED_AVAILABILITY = YES_AGGRESSIVE;
				CLANG_WARN_UNREACHABLE_CODE = YES;
				CLANG_WARN__DUPLICATE_METHOD_MATCH = YES;
				COPY_PHASE_STRIP = NO;
				DEBUG_INFORMATION_FORMAT = "dwarf-with-dsym";
				ENABLE_NS_ASSERTIONS = NO;
				ENABLE_STRICT_OBJC_MSGSEND = YES;
				GCC_C_LANGUAGE_STANDARD = gnu11;
				GCC_NO_COMMON_BLOCKS = YES;
				GCC_WARN_64_TO_32_BIT_CONVERSION = YES;
				GCC_WARN_ABOUT_RETURN_TYPE = YES_ERROR;
				GCC_WARN_UNDECLARED_SELECTOR = YES;
				GCC_WARN_UNINITIALIZED_AUTOS = YES_AGGRESSIVE;
				GCC_WARN_UNUSED_FUNCTION = YES;
				GCC_WARN_UNUSED_VARIABLE = YES;
				MACOSX_DEPLOYMENT_TARGET = 11.1;
				MTL_ENABLE_DEBUG_INFO = NO;
				MTL_FAST_MATH = YES;
				SDKROOT = macosx;
				SWIFT_COMPILATION_MODE = wholemodule;
				SWIFT_OPTIMIZATION_LEVEL = "-O";
			};
			name = Release;
		};
		3EF076D8263EE7B5001DA577 /* Debug */ = {
			isa = XCBuildConfiguration;
			buildSettings = {
				ASSETCATALOG_COMPILER_APPICON_NAME = AppIcon;
				ASSETCATALOG_COMPILER_GLOBAL_ACCENT_COLOR_NAME = AccentColor;
				CODE_SIGN_ENTITLEMENTS = P2CompBleInvadersV2/P2CompBleInvadersV2.entitlements;
				CODE_SIGN_STYLE = Automatic;
				COMBINE_HIDPI_IMAGES = YES;
				DEVELOPMENT_TEAM = 36F2CZM8RA;
				ENABLE_HARDENED_RUNTIME = YES;
				INFOPLIST_FILE = P2CompBleInvadersV2/Info.plist;
				LD_RUNPATH_SEARCH_PATHS = (
					"$(inherited)",
					"@executable_path/../Frameworks",
				);
				PRODUCT_BUNDLE_IDENTIFIER = es.ua.lucas.P2CompBleInvadersV2;
				PRODUCT_NAME = "$(TARGET_NAME)";
				SWIFT_VERSION = 5.0;
			};
			name = Debug;
		};
		3EF076D9263EE7B5001DA577 /* Release */ = {
			isa = XCBuildConfiguration;
			buildSettings = {
				ASSETCATALOG_COMPILER_APPICON_NAME = AppIcon;
				ASSETCATALOG_COMPILER_GLOBAL_ACCENT_COLOR_NAME = AccentColor;
				CODE_SIGN_ENTITLEMENTS = P2CompBleInvadersV2/P2CompBleInvadersV2.entitlements;
				CODE_SIGN_STYLE = Automatic;
				COMBINE_HIDPI_IMAGES = YES;
				DEVELOPMENT_TEAM = 36F2CZM8RA;
				ENABLE_HARDENED_RUNTIME = YES;
				INFOPLIST_FILE = P2CompBleInvadersV2/Info.plist;
				LD_RUNPATH_SEARCH_PATHS = (
					"$(inherited)",
					"@executable_path/../Frameworks",
				);
				PRODUCT_BUNDLE_IDENTIFIER = es.ua.lucas.P2CompBleInvadersV2;
				PRODUCT_NAME = "$(TARGET_NAME)";
				SWIFT_VERSION = 5.0;
			};
			name = Release;
		};
/* End XCBuildConfiguration section */

/* Begin XCConfigurationList section */
		3EF076C2263EE7B3001DA577 /* Build configuration list for PBXProject "P2CompBleInvadersV2" */ = {
			isa = XCConfigurationList;
			buildConfigurations = (
				3EF076D5263EE7B5001DA577 /* Debug */,
				3EF076D6263EE7B5001DA577 /* Release */,
			);
			defaultConfigurationIsVisible = 0;
			defaultConfigurationName = Release;
		};
		3EF076D7263EE7B5001DA577 /* Build configuration list for PBXNativeTarget "P2CompBleInvadersV2" */ = {
			isa = XCConfigurationList;
			buildConfigurations = (
				3EF076D8263EE7B5001DA577 /* Debug */,
				3EF076D9263EE7B5001DA577 /* Release */,
			);
			defaultConfigurationIsVisible = 0;
			defaultConfigurationName = Release;
		};
/* End XCConfigurationList section */
	};
	rootObject = 3EF076BF263EE7B3001DA577 /* Project object */;
}
