// !$*UTF8*$!
{
	archiveVersion = 1;
	classes = {
	};
	objectVersion = 50;
	objects = {

/* Begin PBXBuildFile section */
		3EF372AC246203F800E89667 /* AppDelegate.swift in Sources */ = {isa = PBXBuildFile; fileRef = 3EF372AB246203F800E89667 /* AppDelegate.swift */; };
		3EF372AE246203F800E89667 /* SceneDelegate.swift in Sources */ = {isa = PBXBuildFile; fileRef = 3EF372AD246203F800E89667 /* SceneDelegate.swift */; };
		3EF372B0246203F800E89667 /* ViewController.swift in Sources */ = {isa = PBXBuildFile; fileRef = 3EF372AF246203F800E89667 /* ViewController.swift */; };
		3EF372B3246203F800E89667 /* Main.storyboard in Resources */ = {isa = PBXBuildFile; fileRef = 3EF372B1246203F800E89667 /* Main.storyboard */; };
		3EF372B5246203FA00E89667 /* Assets.xcassets in Resources */ = {isa = PBXBuildFile; fileRef = 3EF372B4246203FA00E89667 /* Assets.xcassets */; };
		3EF372B8246203FA00E89667 /* LaunchScreen.storyboard in Resources */ = {isa = PBXBuildFile; fileRef = 3EF372B6246203FA00E89667 /* LaunchScreen.storyboard */; };
		3EF372C22462098800E89667 /* ExternalAccessory.framework in Frameworks */ = {isa = PBXBuildFile; fileRef = 3EF372C12462098800E89667 /* ExternalAccessory.framework */; };
/* End PBXBuildFile section */

/* Begin PBXFileReference section */
		3EF372A8246203F800E89667 /* Ej2iOSBeaconEmitter.app */ = {isa = PBXFileReference; explicitFileType = wrapper.application; includeInIndex = 0; path = Ej2iOSBeaconEmitter.app; sourceTree = BUILT_PRODUCTS_DIR; };
		3EF372AB246203F800E89667 /* AppDelegate.swift */ = {isa = PBXFileReference; lastKnownFileType = sourcecode.swift; path = AppDelegate.swift; sourceTree = "<group>"; };
		3EF372AD246203F800E89667 /* SceneDelegate.swift */ = {isa = PBXFileReference; lastKnownFileType = sourcecode.swift; path = SceneDelegate.swift; sourceTree = "<group>"; };
		3EF372AF246203F800E89667 /* ViewController.swift */ = {isa = PBXFileReference; lastKnownFileType = sourcecode.swift; path = ViewController.swift; sourceTree = "<group>"; };
		3EF372B2246203F800E89667 /* Base */ = {isa = PBXFileReference; lastKnownFileType = file.storyboard; name = Base; path = Base.lproj/Main.storyboard; sourceTree = "<group>"; };
		3EF372B4246203FA00E89667 /* Assets.xcassets */ = {isa = PBXFileReference; lastKnownFileType = folder.assetcatalog; path = Assets.xcassets; sourceTree = "<group>"; };
		3EF372B7246203FA00E89667 /* Base */ = {isa = PBXFileReference; lastKnownFileType = file.storyboard; name = Base; path = Base.lproj/LaunchScreen.storyboard; sourceTree = "<group>"; };
		3EF372B9246203FA00E89667 /* Info.plist */ = {isa = PBXFileReference; lastKnownFileType = text.plist.xml; path = Info.plist; sourceTree = "<group>"; };
		3EF372BF2462098800E89667 /* Ej2iOSBeaconEmitter.entitlements */ = {isa = PBXFileReference; lastKnownFileType = text.plist.entitlements; path = Ej2iOSBeaconEmitter.entitlements; sourceTree = "<group>"; };
		3EF372C12462098800E89667 /* ExternalAccessory.framework */ = {isa = PBXFileReference; lastKnownFileType = wrapper.framework; name = ExternalAccessory.framework; path = System/Library/Frameworks/ExternalAccessory.framework; sourceTree = SDKROOT; };
/* End PBXFileReference section */

/* Begin PBXFrameworksBuildPhase section */
		3EF372A5246203F800E89667 /* Frameworks */ = {
			isa = PBXFrameworksBuildPhase;
			buildActionMask = 2147483647;
			files = (
				3EF372C22462098800E89667 /* ExternalAccessory.framework in Frameworks */,
			);
			runOnlyForDeploymentPostprocessing = 0;
		};
/* End PBXFrameworksBuildPhase section */

/* Begin PBXGroup section */
		3EF3729F246203F800E89667 = {
			isa = PBXGroup;
			children = (
				3EF372AA246203F800E89667 /* Ej2iOSBeaconEmitter */,
				3EF372A9246203F800E89667 /* Products */,
				3EF372C02462098800E89667 /* Frameworks */,
			);
			sourceTree = "<group>";
		};
		3EF372A9246203F800E89667 /* Products */ = {
			isa = PBXGroup;
			children = (
				3EF372A8246203F800E89667 /* Ej2iOSBeaconEmitter.app */,
			);
			name = Products;
			sourceTree = "<group>";
		};
		3EF372AA246203F800E89667 /* Ej2iOSBeaconEmitter */ = {
			isa = PBXGroup;
			children = (
				3EF372BF2462098800E89667 /* Ej2iOSBeaconEmitter.entitlements */,
				3EF372AB246203F800E89667 /* AppDelegate.swift */,
				3EF372AD246203F800E89667 /* SceneDelegate.swift */,
				3EF372AF246203F800E89667 /* ViewController.swift */,
				3EF372B1246203F800E89667 /* Main.storyboard */,
				3EF372B4246203FA00E89667 /* Assets.xcassets */,
				3EF372B6246203FA00E89667 /* LaunchScreen.storyboard */,
				3EF372B9246203FA00E89667 /* Info.plist */,
			);
			path = Ej2iOSBeaconEmitter;
			sourceTree = "<group>";
		};
		3EF372C02462098800E89667 /* Frameworks */ = {
			isa = PBXGroup;
			children = (
				3EF372C12462098800E89667 /* ExternalAccessory.framework */,
			);
			name = Frameworks;
			sourceTree = "<group>";
		};
/* End PBXGroup section */

/* Begin PBXNativeTarget section */
		3EF372A7246203F800E89667 /* Ej2iOSBeaconEmitter */ = {
			isa = PBXNativeTarget;
			buildConfigurationList = 3EF372BC246203FA00E89667 /* Build configuration list for PBXNativeTarget "Ej2iOSBeaconEmitter" */;
			buildPhases = (
				3EF372A4246203F800E89667 /* Sources */,
				3EF372A5246203F800E89667 /* Frameworks */,
				3EF372A6246203F800E89667 /* Resources */,
			);
			buildRules = (
			);
			dependencies = (
			);
			name = Ej2iOSBeaconEmitter;
			productName = Ej2iOSBeaconEmitter;
			productReference = 3EF372A8246203F800E89667 /* Ej2iOSBeaconEmitter.app */;
			productType = "com.apple.product-type.application";
		};
/* End PBXNativeTarget section */

/* Begin PBXProject section */
		3EF372A0246203F800E89667 /* Project object */ = {
			isa = PBXProject;
			attributes = {
				LastSwiftUpdateCheck = 1140;
				LastUpgradeCheck = 1140;
				ORGANIZATIONNAME = lucas;
				TargetAttributes = {
					3EF372A7246203F800E89667 = {
						CreatedOnToolsVersion = 11.4;
					};
				};
			};
			buildConfigurationList = 3EF372A3246203F800E89667 /* Build configuration list for PBXProject "Ej2iOSBeaconEmitter" */;
			compatibilityVersion = "Xcode 9.3";
			developmentRegion = en;
			hasScannedForEncodings = 0;
			knownRegions = (
				en,
				Base,
			);
			mainGroup = 3EF3729F246203F800E89667;
			productRefGroup = 3EF372A9246203F800E89667 /* Products */;
			projectDirPath = "";
			projectRoot = "";
			targets = (
				3EF372A7246203F800E89667 /* Ej2iOSBeaconEmitter */,
			);
		};
/* End PBXProject section */

/* Begin PBXResourcesBuildPhase section */
		3EF372A6246203F800E89667 /* Resources */ = {
			isa = PBXResourcesBuildPhase;
			buildActionMask = 2147483647;
			files = (
				3EF372B8246203FA00E89667 /* LaunchScreen.storyboard in Resources */,
				3EF372B5246203FA00E89667 /* Assets.xcassets in Resources */,
				3EF372B3246203F800E89667 /* Main.storyboard in Resources */,
			);
			runOnlyForDeploymentPostprocessing = 0;
		};
/* End PBXResourcesBuildPhase section */

/* Begin PBXSourcesBuildPhase section */
		3EF372A4246203F800E89667 /* Sources */ = {
			isa = PBXSourcesBuildPhase;
			buildActionMask = 2147483647;
			files = (
				3EF372B0246203F800E89667 /* ViewController.swift in Sources */,
				3EF372AC246203F800E89667 /* AppDelegate.swift in Sources */,
				3EF372AE246203F800E89667 /* SceneDelegate.swift in Sources */,
			);
			runOnlyForDeploymentPostprocessing = 0;
		};
/* End PBXSourcesBuildPhase section */

/* Begin PBXVariantGroup section */
		3EF372B1246203F800E89667 /* Main.storyboard */ = {
			isa = PBXVariantGroup;
			children = (
				3EF372B2246203F800E89667 /* Base */,
			);
			name = Main.storyboard;
			sourceTree = "<group>";
		};
		3EF372B6246203FA00E89667 /* LaunchScreen.storyboard */ = {
			isa = PBXVariantGroup;
			children = (
				3EF372B7246203FA00E89667 /* Base */,
			);
			name = LaunchScreen.storyboard;
			sourceTree = "<group>";
		};
/* End PBXVariantGroup section */

/* Begin XCBuildConfiguration section */
		3EF372BA246203FA00E89667 /* Debug */ = {
			isa = XCBuildConfiguration;
			buildSettings = {
				ALWAYS_SEARCH_USER_PATHS = NO;
				CLANG_ANALYZER_NONNULL = YES;
				CLANG_ANALYZER_NUMBER_OBJECT_CONVERSION = YES_AGGRESSIVE;
				CLANG_CXX_LANGUAGE_STANDARD = "gnu++14";
				CLANG_CXX_LIBRARY = "libc++";
				CLANG_ENABLE_MODULES = YES;
				CLANG_ENABLE_OBJC_ARC = YES;
				CLANG_ENABLE_OBJC_WEAK = YES;
				CLANG_WARN_BLOCK_CAPTURE_AUTORELEASING = YES;
				CLANG_WARN_BOOL_CONVERSION = YES;
				CLANG_WARN_COMMA = YES;
				CLANG_WARN_CONSTANT_CONVERSION = YES;
				CLANG_WARN_DEPRECATED_OBJC_IMPLEMENTATIONS = YES;
				CLANG_WARN_DIRECT_OBJC_ISA_USAGE = YES_ERROR;
				CLANG_WARN_DOCUMENTATION_COMMENTS = YES;
				CLANG_WARN_EMPTY_BODY = YES;
				CLANG_WARN_ENUM_CONVERSION = YES;
				CLANG_WARN_INFINITE_RECURSION = YES;
				CLANG_WARN_INT_CONVERSION = YES;
				CLANG_WARN_NON_LITERAL_NULL_CONVERSION = YES;
				CLANG_WARN_OBJC_IMPLICIT_RETAIN_SELF = YES;
				CLANG_WARN_OBJC_LITERAL_CONVERSION = YES;
				CLANG_WARN_OBJC_ROOT_CLASS = YES_ERROR;
				CLANG_WARN_RANGE_LOOP_ANALYSIS = YES;
				CLANG_WARN_STRICT_PROTOTYPES = YES;
				CLANG_WARN_SUSPICIOUS_MOVE = YES;
				CLANG_WARN_UNGUARDED_AVAILABILITY = YES_AGGRESSIVE;
				CLANG_WARN_UNREACHABLE_CODE = YES;
				CLANG_WARN__DUPLICATE_METHOD_MATCH = YES;
				COPY_PHASE_STRIP = NO;
				DEBUG_INFORMATION_FORMAT = dwarf;
				ENABLE_STRICT_OBJC_MSGSEND = YES;
				ENABLE_TESTABILITY = YES;
				GCC_C_LANGUAGE_STANDARD = gnu11;
				GCC_DYNAMIC_NO_PIC = NO;
				GCC_NO_COMMON_BLOCKS = YES;
				GCC_OPTIMIZATION_LEVEL = 0;
				GCC_PREPROCESSOR_DEFINITIONS = (
					"DEBUG=1",
					"$(inherited)",
				);
				GCC_WARN_64_TO_32_BIT_CONVERSION = YES;
				GCC_WARN_ABOUT_RETURN_TYPE = YES_ERROR;
				GCC_WARN_UNDECLARED_SELECTOR = YES;
				GCC_WARN_UNINITIALIZED_AUTOS = YES_AGGRESSIVE;
				GCC_WARN_UNUSED_FUNCTION = YES;
				GCC_WARN_UNUSED_VARIABLE = YES;
				IPHONEOS_DEPLOYMENT_TARGET = 14.4;
				MTL_ENABLE_DEBUG_INFO = INCLUDE_SOURCE;
				MTL_FAST_MATH = YES;
				ONLY_ACTIVE_ARCH = YES;
				SDKROOT = iphoneos;
				SWIFT_ACTIVE_COMPILATION_CONDITIONS = DEBUG;
				SWIFT_OPTIMIZATION_LEVEL = "-Onone";
			};
			name = Debug;
		};
		3EF372BB246203FA00E89667 /* Release */ = {
			isa = XCBuildConfiguration;
			buildSettings = {
				ALWAYS_SEARCH_USER_PATHS = NO;
				CLANG_ANALYZER_NONNULL = YES;
				CLANG_ANALYZER_NUMBER_OBJECT_CONVERSION = YES_AGGRESSIVE;
				CLANG_CXX_LANGUAGE_STANDARD = "gnu++14";
				CLANG_CXX_LIBRARY = "libc++";
				CLANG_ENABLE_MODULES = YES;
				CLANG_ENABLE_OBJC_ARC = YES;
				CLANG_ENABLE_OBJC_WEAK = YES;
				CLANG_WARN_BLOCK_CAPTURE_AUTORELEASING = YES;
				CLANG_WARN_BOOL_CONVERSION = YES;
				CLANG_WARN_COMMA = YES;
				CLANG_WARN_CONSTANT_CONVERSION = YES;
				CLANG_WARN_DEPRECATED_OBJC_IMPLEMENTATIONS = YES;
				CLANG_WARN_DIRECT_OBJC_ISA_USAGE = YES_ERROR;
				CLANG_WARN_DOCUMENTATION_COMMENTS = YES;
				CLANG_WARN_EMPTY_BODY = YES;
				CLANG_WARN_ENUM_CONVERSION = YES;
				CLANG_WARN_INFINITE_RECURSION = YES;
				CLANG_WARN_INT_CONVERSION = YES;
				CLANG_WARN_NON_LITERAL_NULL_CONVERSION = YES;
				CLANG_WARN_OBJC_IMPLICIT_RETAIN_SELF = YES;
				CLANG_WARN_OBJC_LITERAL_CONVERSION = YES;
				CLANG_WARN_OBJC_ROOT_CLASS = YES_ERROR;
				CLANG_WARN_RANGE_LOOP_ANALYSIS = YES;
				CLANG_WARN_STRICT_PROTOTYPES = YES;
				CLANG_WARN_SUSPICIOUS_MOVE = YES;
				CLANG_WARN_UNGUARDED_AVAILABILITY = YES_AGGRESSIVE;
				CLANG_WARN_UNREACHABLE_CODE = YES;
				CLANG_WARN__DUPLICATE_METHOD_MATCH = YES;
				COPY_PHASE_STRIP = NO;
				DEBUG_INFORMATION_FORMAT = "dwarf-with-dsym";
				ENABLE_NS_ASSERTIONS = NO;
				ENABLE_STRICT_OBJC_MSGSEND = YES;
				GCC_C_LANGUAGE_STANDARD = gnu11;
				GCC_NO_COMMON_BLOCKS = YES;
				GCC_WARN_64_TO_32_BIT_CONVERSION = YES;
				GCC_WARN_ABOUT_RETURN_TYPE = YES_ERROR;
				GCC_WARN_UNDECLARED_SELECTOR = YES;
				GCC_WARN_UNINITIALIZED_AUTOS = YES_AGGRESSIVE;
				GCC_WARN_UNUSED_FUNCTION = YES;
				GCC_WARN_UNUSED_VARIABLE = YES;
				IPHONEOS_DEPLOYMENT_TARGET = 14.4;
				MTL_ENABLE_DEBUG_INFO = NO;
				MTL_FAST_MATH = YES;
				SDKROOT = iphoneos;
				SWIFT_COMPILATION_MODE = wholemodule;
				SWIFT_OPTIMIZATION_LEVEL = "-O";
				VALIDATE_PRODUCT = YES;
			};
			name = Release;
		};
		3EF372BD246203FA00E89667 /* Debug */ = {
			isa = XCBuildConfiguration;
			buildSettings = {
				ASSETCATALOG_COMPILER_APPICON_NAME = AppIcon;
				CODE_SIGN_ENTITLEMENTS = Ej2iOSBeaconEmitter/Ej2iOSBeaconEmitter.entitlements;
				CODE_SIGN_STYLE = Automatic;
				DEVELOPMENT_TEAM = 36F2CZM8RA;
				INFOPLIST_FILE = Ej2iOSBeaconEmitter/Info.plist;
				LD_RUNPATH_SEARCH_PATHS = (
					"$(inherited)",
					"@executable_path/Frameworks",
				);
				PRODUCT_BUNDLE_IDENTIFIER = es.ua.lucas.Ej2iOSBeaconEmitter;
				PRODUCT_NAME = "$(TARGET_NAME)";
				SWIFT_VERSION = 5.0;
				TARGETED_DEVICE_FAMILY = "1,2";
			};
			name = Debug;
		};
		3EF372BE246203FA00E89667 /* Release */ = {
			isa = XCBuildConfiguration;
			buildSettings = {
				ASSETCATALOG_COMPILER_APPICON_NAME = AppIcon;
				CODE_SIGN_ENTITLEMENTS = Ej2iOSBeaconEmitter/Ej2iOSBeaconEmitter.entitlements;
				CODE_SIGN_STYLE = Automatic;
				DEVELOPMENT_TEAM = 36F2CZM8RA;
				INFOPLIST_FILE = Ej2iOSBeaconEmitter/Info.plist;
				LD_RUNPATH_SEARCH_PATHS = (
					"$(inherited)",
					"@executable_path/Frameworks",
				);
				PRODUCT_BUNDLE_IDENTIFIER = es.ua.lucas.Ej2iOSBeaconEmitter;
				PRODUCT_NAME = "$(TARGET_NAME)";
				SWIFT_VERSION = 5.0;
				TARGETED_DEVICE_FAMILY = "1,2";
			};
			name = Release;
		};
/* End XCBuildConfiguration section */

/* Begin XCConfigurationList section */
		3EF372A3246203F800E89667 /* Build configuration list for PBXProject "Ej2iOSBeaconEmitter" */ = {
			isa = XCConfigurationList;
			buildConfigurations = (
				3EF372BA246203FA00E89667 /* Debug */,
				3EF372BB246203FA00E89667 /* Release */,
			);
			defaultConfigurationIsVisible = 0;
			defaultConfigurationName = Release;
		};
		3EF372BC246203FA00E89667 /* Build configuration list for PBXNativeTarget "Ej2iOSBeaconEmitter" */ = {
			isa = XCConfigurationList;
			buildConfigurations = (
				3EF372BD246203FA00E89667 /* Debug */,
				3EF372BE246203FA00E89667 /* Release */,
			);
			defaultConfigurationIsVisible = 0;
			defaultConfigurationName = Release;
		};
/* End XCConfigurationList section */
	};
	rootObject = 3EF372A0246203F800E89667 /* Project object */;
}
