// !$*UTF8*$!
{
	archiveVersion = 1;
	classes = {
	};
	objectVersion = 50;
	objects = {

/* Begin PBXBuildFile section */
		3EAFD145264533A7007E4D93 /* AppDelegate.swift in Sources */ = {isa = PBXBuildFile; fileRef = 3EAFD144264533A7007E4D93 /* AppDelegate.swift */; };
		3EAFD147264533A7007E4D93 /* SceneDelegate.swift in Sources */ = {isa = PBXBuildFile; fileRef = 3EAFD146264533A7007E4D93 /* SceneDelegate.swift */; };
		3EAFD149264533A7007E4D93 /* ViewController.swift in Sources */ = {isa = PBXBuildFile; fileRef = 3EAFD148264533A7007E4D93 /* ViewController.swift */; };
		3EAFD14C264533A7007E4D93 /* Main.storyboard in Resources */ = {isa = PBXBuildFile; fileRef = 3EAFD14A264533A7007E4D93 /* Main.storyboard */; };
		3EAFD14E264533AA007E4D93 /* Assets.xcassets in Resources */ = {isa = PBXBuildFile; fileRef = 3EAFD14D264533AA007E4D93 /* Assets.xcassets */; };
		3EAFD151264533AA007E4D93 /* LaunchScreen.storyboard in Resources */ = {isa = PBXBuildFile; fileRef = 3EAFD14F264533AA007E4D93 /* LaunchScreen.storyboard */; };
		3EAFD15E2645374A007E4D93 /* DrawingImageView.swift in Sources */ = {isa = PBXBuildFile; fileRef = 3EAFD15D2645374A007E4D93 /* DrawingImageView.swift */; };
		3EAFD16126453A82007E4D93 /* MNISTClassifierA.mlmodel in Sources */ = {isa = PBXBuildFile; fileRef = 3EAFD16026453A81007E4D93 /* MNISTClassifierA.mlmodel */; };
		3EAFD165264552A5007E4D93 /* MnistModel.mlmodel in Sources */ = {isa = PBXBuildFile; fileRef = 3EAFD164264552A5007E4D93 /* MnistModel.mlmodel */; };
/* End PBXBuildFile section */

/* Begin PBXFileReference section */
		3EAFD141264533A7007E4D93 /* DigitRecognizer.app */ = {isa = PBXFileReference; explicitFileType = wrapper.application; includeInIndex = 0; path = DigitRecognizer.app; sourceTree = BUILT_PRODUCTS_DIR; };
		3EAFD144264533A7007E4D93 /* AppDelegate.swift */ = {isa = PBXFileReference; lastKnownFileType = sourcecode.swift; path = AppDelegate.swift; sourceTree = "<group>"; };
		3EAFD146264533A7007E4D93 /* SceneDelegate.swift */ = {isa = PBXFileReference; lastKnownFileType = sourcecode.swift; path = SceneDelegate.swift; sourceTree = "<group>"; };
		3EAFD148264533A7007E4D93 /* ViewController.swift */ = {isa = PBXFileReference; lastKnownFileType = sourcecode.swift; path = ViewController.swift; sourceTree = "<group>"; };
		3EAFD14B264533A7007E4D93 /* Base */ = {isa = PBXFileReference; lastKnownFileType = file.storyboard; name = Base; path = Base.lproj/Main.storyboard; sourceTree = "<group>"; };
		3EAFD14D264533AA007E4D93 /* Assets.xcassets */ = {isa = PBXFileReference; lastKnownFileType = folder.assetcatalog; path = Assets.xcassets; sourceTree = "<group>"; };
		3EAFD150264533AA007E4D93 /* Base */ = {isa = PBXFileReference; lastKnownFileType = file.storyboard; name = Base; path = Base.lproj/LaunchScreen.storyboard; sourceTree = "<group>"; };
		3EAFD152264533AA007E4D93 /* Info.plist */ = {isa = PBXFileReference; lastKnownFileType = text.plist.xml; path = Info.plist; sourceTree = "<group>"; };
		3EAFD15D2645374A007E4D93 /* DrawingImageView.swift */ = {isa = PBXFileReference; fileEncoding = 4; lastKnownFileType = sourcecode.swift; path = DrawingImageView.swift; sourceTree = "<group>"; };
		3EAFD16026453A81007E4D93 /* MNISTClassifierA.mlmodel */ = {isa = PBXFileReference; lastKnownFileType = file.mlmodel; path = MNISTClassifierA.mlmodel; sourceTree = "<group>"; };
		3EAFD164264552A5007E4D93 /* MnistModel.mlmodel */ = {isa = PBXFileReference; lastKnownFileType = file.mlmodel; path = MnistModel.mlmodel; sourceTree = "<group>"; };
/* End PBXFileReference section */

/* Begin PBXFrameworksBuildPhase section */
		3EAFD13E264533A7007E4D93 /* Frameworks */ = {
			isa = PBXFrameworksBuildPhase;
			buildActionMask = 2147483647;
			files = (
			);
			runOnlyForDeploymentPostprocessing = 0;
		};
/* End PBXFrameworksBuildPhase section */

/* Begin PBXGroup section */
		3EAFD138264533A7007E4D93 = {
			isa = PBXGroup;
			children = (
				3EAFD143264533A7007E4D93 /* DigitRecognizer */,
				3EAFD142264533A7007E4D93 /* Products */,
			);
			sourceTree = "<group>";
		};
		3EAFD142264533A7007E4D93 /* Products */ = {
			isa = PBXGroup;
			children = (
				3EAFD141264533A7007E4D93 /* DigitRecognizer.app */,
			);
			name = Products;
			sourceTree = "<group>";
		};
		3EAFD143264533A7007E4D93 /* DigitRecognizer */ = {
			isa = PBXGroup;
			children = (
				3EAFD144264533A7007E4D93 /* AppDelegate.swift */,
				3EAFD146264533A7007E4D93 /* SceneDelegate.swift */,
				3EAFD148264533A7007E4D93 /* ViewController.swift */,
				3EAFD14A264533A7007E4D93 /* Main.storyboard */,
				3EAFD14D264533AA007E4D93 /* Assets.xcassets */,
				3EAFD14F264533AA007E4D93 /* LaunchScreen.storyboard */,
				3EAFD15D2645374A007E4D93 /* DrawingImageView.swift */,
				3EAFD152264533AA007E4D93 /* Info.plist */,
				3EAFD16026453A81007E4D93 /* MNISTClassifierA.mlmodel */,
				3EAFD164264552A5007E4D93 /* MnistModel.mlmodel */,
			);
			path = DigitRecognizer;
			sourceTree = "<group>";
		};
/* End PBXGroup section */

/* Begin PBXNativeTarget section */
		3EAFD140264533A7007E4D93 /* DigitRecognizer */ = {
			isa = PBXNativeTarget;
			buildConfigurationList = 3EAFD155264533AA007E4D93 /* Build configuration list for PBXNativeTarget "DigitRecognizer" */;
			buildPhases = (
				3EAFD13D264533A7007E4D93 /* Sources */,
				3EAFD13E264533A7007E4D93 /* Frameworks */,
				3EAFD13F264533A7007E4D93 /* Resources */,
			);
			buildRules = (
			);
			dependencies = (
			);
			name = DigitRecognizer;
			productName = DigitRecognizer;
			productReference = 3EAFD141264533A7007E4D93 /* DigitRecognizer.app */;
			productType = "com.apple.product-type.application";
		};
/* End PBXNativeTarget section */

/* Begin PBXProject section */
		3EAFD139264533A7007E4D93 /* Project object */ = {
			isa = PBXProject;
			attributes = {
				LastSwiftUpdateCheck = 1240;
				LastUpgradeCheck = 1240;
				TargetAttributes = {
					3EAFD140264533A7007E4D93 = {
						CreatedOnToolsVersion = 12.4;
					};
				};
			};
			buildConfigurationList = 3EAFD13C264533A7007E4D93 /* Build configuration list for PBXProject "DigitRecognizer" */;
			compatibilityVersion = "Xcode 9.3";
			developmentRegion = en;
			hasScannedForEncodings = 0;
			knownRegions = (
				en,
				Base,
			);
			mainGroup = 3EAFD138264533A7007E4D93;
			productRefGroup = 3EAFD142264533A7007E4D93 /* Products */;
			projectDirPath = "";
			projectRoot = "";
			targets = (
				3EAFD140264533A7007E4D93 /* DigitRecognizer */,
			);
		};
/* End PBXProject section */

/* Begin PBXResourcesBuildPhase section */
		3EAFD13F264533A7007E4D93 /* Resources */ = {
			isa = PBXResourcesBuildPhase;
			buildActionMask = 2147483647;
			files = (
				3EAFD151264533AA007E4D93 /* LaunchScreen.storyboard in Resources */,
				3EAFD14E264533AA007E4D93 /* Assets.xcassets in Resources */,
				3EAFD14C264533A7007E4D93 /* Main.storyboard in Resources */,
			);
			runOnlyForDeploymentPostprocessing = 0;
		};
/* End PBXResourcesBuildPhase section */

/* Begin PBXSourcesBuildPhase section */
		3EAFD13D264533A7007E4D93 /* Sources */ = {
			isa = PBXSourcesBuildPhase;
			buildActionMask = 2147483647;
			files = (
				3EAFD149264533A7007E4D93 /* ViewController.swift in Sources */,
				3EAFD145264533A7007E4D93 /* AppDelegate.swift in Sources */,
				3EAFD165264552A5007E4D93 /* MnistModel.mlmodel in Sources */,
				3EAFD147264533A7007E4D93 /* SceneDelegate.swift in Sources */,
				3EAFD15E2645374A007E4D93 /* DrawingImageView.swift in Sources */,
				3EAFD16126453A82007E4D93 /* MNISTClassifierA.mlmodel in Sources */,
			);
			runOnlyForDeploymentPostprocessing = 0;
		};
/* End PBXSourcesBuildPhase section */

/* Begin PBXVariantGroup section */
		3EAFD14A264533A7007E4D93 /* Main.storyboard */ = {
			isa = PBXVariantGroup;
			children = (
				3EAFD14B264533A7007E4D93 /* Base */,
			);
			name = Main.storyboard;
			sourceTree = "<group>";
		};
		3EAFD14F264533AA007E4D93 /* LaunchScreen.storyboard */ = {
			isa = PBXVariantGroup;
			children = (
				3EAFD150264533AA007E4D93 /* Base */,
			);
			name = LaunchScreen.storyboard;
			sourceTree = "<group>";
		};
/* End PBXVariantGroup section */

/* Begin XCBuildConfiguration section */
		3EAFD153264533AA007E4D93 /* Debug */ = {
			isa = XCBuildConfiguration;
			buildSettings = {
				ALWAYS_SEARCH_USER_PATHS = NO;
				CLANG_ANALYZER_NONNULL = YES;
				CLANG_ANALYZER_NUMBER_OBJECT_CONVERSION = YES_AGGRESSIVE;
				CLANG_CXX_LANGUAGE_STANDARD = "gnu++14";
				CLANG_CXX_LIBRARY = "libc++";
				CLANG_ENABLE_MODULES = YES;
				CLANG_ENABLE_OBJC_ARC = YES;
				CLANG_ENABLE_OBJC_WEAK = YES;
				CLANG_WARN_BLOCK_CAPTURE_AUTORELEASING = YES;
				CLANG_WARN_BOOL_CONVERSION = YES;
				CLANG_WARN_COMMA = YES;
				CLANG_WARN_CONSTANT_CONVERSION = YES;
				CLANG_WARN_DEPRECATED_OBJC_IMPLEMENTATIONS = YES;
				CLANG_WARN_DIRECT_OBJC_ISA_USAGE = YES_ERROR;
				CLANG_WARN_DOCUMENTATION_COMMENTS = YES;
				CLANG_WARN_EMPTY_BODY = YES;
				CLANG_WARN_ENUM_CONVERSION = YES;
				CLANG_WARN_INFINITE_RECURSION = YES;
				CLANG_WARN_INT_CONVERSION = YES;
				CLANG_WARN_NON_LITERAL_NULL_CONVERSION = YES;
				CLANG_WARN_OBJC_IMPLICIT_RETAIN_SELF = YES;
				CLANG_WARN_OBJC_LITERAL_CONVERSION = YES;
				CLANG_WARN_OBJC_ROOT_CLASS = YES_ERROR;
				CLANG_WARN_QUOTED_INCLUDE_IN_FRAMEWORK_HEADER = YES;
				CLANG_WARN_RANGE_LOOP_ANALYSIS = YES;
				CLANG_WARN_STRICT_PROTOTYPES = YES;
				CLANG_WARN_SUSPICIOUS_MOVE = YES;
				CLANG_WARN_UNGUARDED_AVAILABILITY = YES_AGGRESSIVE;
				CLANG_WARN_UNREACHABLE_CODE = YES;
				CLANG_WARN__DUPLICATE_METHOD_MATCH = YES;
				COPY_PHASE_STRIP = NO;
				DEBUG_INFORMATION_FORMAT = dwarf;
				ENABLE_STRICT_OBJC_MSGSEND = YES;
				ENABLE_TESTABILITY = YES;
				GCC_C_LANGUAGE_STANDARD = gnu11;
				GCC_DYNAMIC_NO_PIC = NO;
				GCC_NO_COMMON_BLOCKS = YES;
				GCC_OPTIMIZATION_LEVEL = 0;
				GCC_PREPROCESSOR_DEFINITIONS = (
					"DEBUG=1",
					"$(inherited)",
				);
				GCC_WARN_64_TO_32_BIT_CONVERSION = YES;
				GCC_WARN_ABOUT_RETURN_TYPE = YES_ERROR;
				GCC_WARN_UNDECLARED_SELECTOR = YES;
				GCC_WARN_UNINITIALIZED_AUTOS = YES_AGGRESSIVE;
				GCC_WARN_UNUSED_FUNCTION = YES;
				GCC_WARN_UNUSED_VARIABLE = YES;
				IPHONEOS_DEPLOYMENT_TARGET = 14.4;
				MTL_ENABLE_DEBUG_INFO = INCLUDE_SOURCE;
				MTL_FAST_MATH = YES;
				ONLY_ACTIVE_ARCH = YES;
				SDKROOT = iphoneos;
				SWIFT_ACTIVE_COMPILATION_CONDITIONS = DEBUG;
				SWIFT_OPTIMIZATION_LEVEL = "-Onone";
			};
			name = Debug;
		};
		3EAFD154264533AA007E4D93 /* Release */ = {
			isa = XCBuildConfiguration;
			buildSettings = {
				ALWAYS_SEARCH_USER_PATHS = NO;
				CLANG_ANALYZER_NONNULL = YES;
				CLANG_ANALYZER_NUMBER_OBJECT_CONVERSION = YES_AGGRESSIVE;
				CLANG_CXX_LANGUAGE_STANDARD = "gnu++14";
				CLANG_CXX_LIBRARY = "libc++";
				CLANG_ENABLE_MODULES = YES;
				CLANG_ENABLE_OBJC_ARC = YES;
				CLANG_ENABLE_OBJC_WEAK = YES;
				CLANG_WARN_BLOCK_CAPTURE_AUTORELEASING = YES;
				CLANG_WARN_BOOL_CONVERSION = YES;
				CLANG_WARN_COMMA = YES;
				CLANG_WARN_CONSTANT_CONVERSION = YES;
				CLANG_WARN_DEPRECATED_OBJC_IMPLEMENTATIONS = YES;
				CLANG_WARN_DIRECT_OBJC_ISA_USAGE = YES_ERROR;
				CLANG_WARN_DOCUMENTATION_COMMENTS = YES;
				CLANG_WARN_EMPTY_BODY = YES;
				CLANG_WARN_ENUM_CONVERSION = YES;
				CLANG_WARN_INFINITE_RECURSION = YES;
				CLANG_WARN_INT_CONVERSION = YES;
				CLANG_WARN_NON_LITERAL_NULL_CONVERSION = YES;
				CLANG_WARN_OBJC_IMPLICIT_RETAIN_SELF = YES;
				CLANG_WARN_OBJC_LITERAL_CONVERSION = YES;
				CLANG_WARN_OBJC_ROOT_CLASS = YES_ERROR;
				CLANG_WARN_QUOTED_INCLUDE_IN_FRAMEWORK_HEADER = YES;
				CLANG_WARN_RANGE_LOOP_ANALYSIS = YES;
				CLANG_WARN_STRICT_PROTOTYPES = YES;
				CLANG_WARN_SUSPICIOUS_MOVE = YES;
				CLANG_WARN_UNGUARDED_AVAILABILITY = YES_AGGRESSIVE;
				CLANG_WARN_UNREACHABLE_CODE = YES;
				CLANG_WARN__DUPLICATE_METHOD_MATCH = YES;
				COPY_PHASE_STRIP = NO;
				DEBUG_INFORMATION_FORMAT = "dwarf-with-dsym";
				ENABLE_NS_ASSERTIONS = NO;
				ENABLE_STRICT_OBJC_MSGSEND = YES;
				GCC_C_LANGUAGE_STANDARD = gnu11;
				GCC_NO_COMMON_BLOCKS = YES;
				GCC_WARN_64_TO_32_BIT_CONVERSION = YES;
				GCC_WARN_ABOUT_RETURN_TYPE = YES_ERROR;
				GCC_WARN_UNDECLARED_SELECTOR = YES;
				GCC_WARN_UNINITIALIZED_AUTOS = YES_AGGRESSIVE;
				GCC_WARN_UNUSED_FUNCTION = YES;
				GCC_WARN_UNUSED_VARIABLE = YES;
				IPHONEOS_DEPLOYMENT_TARGET = 14.4;
				MTL_ENABLE_DEBUG_INFO = NO;
				MTL_FAST_MATH = YES;
				SDKROOT = iphoneos;
				SWIFT_COMPILATION_MODE = wholemodule;
				SWIFT_OPTIMIZATION_LEVEL = "-O";
				VALIDATE_PRODUCT = YES;
			};
			name = Release;
		};
		3EAFD156264533AA007E4D93 /* Debug */ = {
			isa = XCBuildConfiguration;
			buildSettings = {
				ASSETCATALOG_COMPILER_APPICON_NAME = AppIcon;
				ASSETCATALOG_COMPILER_GLOBAL_ACCENT_COLOR_NAME = AccentColor;
				CODE_SIGN_STYLE = Automatic;
				DEVELOPMENT_TEAM = 36F2CZM8RA;
				INFOPLIST_FILE = DigitRecognizer/Info.plist;
				LD_RUNPATH_SEARCH_PATHS = (
					"$(inherited)",
					"@executable_path/Frameworks",
				);
				PRODUCT_BUNDLE_IDENTIFIER = es.ua.lucas.DigitRecognizer;
				PRODUCT_NAME = "$(TARGET_NAME)";
				SWIFT_VERSION = 5.0;
				TARGETED_DEVICE_FAMILY = "1,2";
			};
			name = Debug;
		};
		3EAFD157264533AA007E4D93 /* Release */ = {
			isa = XCBuildConfiguration;
			buildSettings = {
				ASSETCATALOG_COMPILER_APPICON_NAME = AppIcon;
				ASSETCATALOG_COMPILER_GLOBAL_ACCENT_COLOR_NAME = AccentColor;
				CODE_SIGN_STYLE = Automatic;
				DEVELOPMENT_TEAM = 36F2CZM8RA;
				INFOPLIST_FILE = DigitRecognizer/Info.plist;
				LD_RUNPATH_SEARCH_PATHS = (
					"$(inherited)",
					"@executable_path/Frameworks",
				);
				PRODUCT_BUNDLE_IDENTIFIER = es.ua.lucas.DigitRecognizer;
				PRODUCT_NAME = "$(TARGET_NAME)";
				SWIFT_VERSION = 5.0;
				TARGETED_DEVICE_FAMILY = "1,2";
			};
			name = Release;
		};
/* End XCBuildConfiguration section */

/* Begin XCConfigurationList section */
		3EAFD13C264533A7007E4D93 /* Build configuration list for PBXProject "DigitRecognizer" */ = {
			isa = XCConfigurationList;
			buildConfigurations = (
				3EAFD153264533AA007E4D93 /* Debug */,
				3EAFD154264533AA007E4D93 /* Release */,
			);
			defaultConfigurationIsVisible = 0;
			defaultConfigurationName = Release;
		};
		3EAFD155264533AA007E4D93 /* Build configuration list for PBXNativeTarget "DigitRecognizer" */ = {
			isa = XCConfigurationList;
			buildConfigurations = (
				3EAFD156264533AA007E4D93 /* Debug */,
				3EAFD157264533AA007E4D93 /* Release */,
			);
			defaultConfigurationIsVisible = 0;
			defaultConfigurationName = Release;
		};
/* End XCConfigurationList section */
	};
	rootObject = 3EAFD139264533A7007E4D93 /* Project object */;
}
